Microsoft Visual Studio Solution File, Format Version 12.00
# Visual Studio 15
VisualStudioVersion = 15.0.27130.2027
MinimumVisualStudioVersion = 10.0.40219.1
Project("{9A19103F-16F7-4668-BE54-9A1E7A4F7556}") = "WebPagePub.Data", "WebPagePub.Data\WebPagePub.Data.csproj", "{E35A8B6D-000A-49CF-BA01-B0A4A5A8E611}"
EndProject
Project("{9A19103F-16F7-4668-BE54-9A1E7A4F7556}") = "WebPagePub.Core", "WebPagePub.Core\WebPagePub.Core.csproj", "{4271A4BE-976B-438B-9C04-82D8574940FC}"
EndProject
Project("{9A19103F-16F7-4668-BE54-9A1E7A4F7556}") = "WebPagePub.Web", "WebPagePub.Web\WebPagePub.Web.csproj", "{0BF30938-2368-42D6-9EF1-33745CA81BA4}"
EndProject
Project("{2150E333-8FDC-42A3-9474-1A3956D46DE8}") = "Info", "Info", "{B12E401E-E123-42BB-97BB-C18C93C561E7}"
	ProjectSection(SolutionItems) = preProject
		..\ReadMe.txt = ..\ReadMe.txt
	EndProjectSection
EndProject
Project("{2150E333-8FDC-42A3-9474-1A3956D46DE8}") = "Tests", "Tests", "{D59CF966-1050-4FDE-92FF-15D79FC9FEA3}"
EndProject
Project("{9A19103F-16F7-4668-BE54-9A1E7A4F7556}") = "WebPagePub.Core.UnitTests", "WebPagePub.Core.UnitTests\WebPagePub.Core.UnitTests.csproj", "{7D390706-6378-4ECA-BE07-368AC982A535}"
EndProject
Project("{9A19103F-16F7-4668-BE54-9A1E7A4F7556}") = "WebPagePub.ImageOptimizer", "ConsoleApp1\WebPagePub.ImageOptimizer.csproj", "{FF484E5F-8215-4F0A-9A3F-DA23203204A8}"
EndProject
Project("{9A19103F-16F7-4668-BE54-9A1E7A4F7556}") = "WebPagePub.Services", "WebPagePub.Services\WebPagePub.Services.csproj", "{AA6F9CA4-3531-4A8A-A677-98FD44432A24}"
EndProject
Global
	GlobalSection(SolutionConfigurationPlatforms) = preSolution
		Debug|Any CPU = Debug|Any CPU
		Release|Any CPU = Release|Any CPU
	EndGlobalSection
	GlobalSection(ProjectConfigurationPlatforms) = postSolution
		{E35A8B6D-000A-49CF-BA01-B0A4A5A8E611}.Debug|Any CPU.ActiveCfg = Debug|Any CPU
		{E35A8B6D-000A-49CF-BA01-B0A4A5A8E611}.Debug|Any CPU.Build.0 = Debug|Any CPU
		{E35A8B6D-000A-49CF-BA01-B0A4A5A8E611}.Release|Any CPU.ActiveCfg = Release|Any CPU
		{E35A8B6D-000A-49CF-BA01-B0A4A5A8E611}.Release|Any CPU.Build.0 = Release|Any CPU
		{4271A4BE-976B-438B-9C04-82D8574940FC}.Debug|Any CPU.ActiveCfg = Debug|Any CPU
		{4271A4BE-976B-438B-9C04-82D8574940FC}.Debug|Any CPU.Build.0 = Debug|Any CPU
		{4271A4BE-976B-438B-9C04-82D8574940FC}.Release|Any CPU.ActiveCfg = Release|Any CPU
		{4271A4BE-976B-438B-9C04-82D8574940FC}.Release|Any CPU.Build.0 = Release|Any CPU
		{0BF30938-2368-42D6-9EF1-33745CA81BA4}.Debug|Any CPU.ActiveCfg = Debug|Any CPU
		{0BF30938-2368-42D6-9EF1-33745CA81BA4}.Debug|Any CPU.Build.0 = Debug|Any CPU
		{0BF30938-2368-42D6-9EF1-33745CA81BA4}.Release|Any CPU.ActiveCfg = Release|Any CPU
		{0BF30938-2368-42D6-9EF1-33745CA81BA4}.Release|Any CPU.Build.0 = Release|Any CPU
		{7D390706-6378-4ECA-BE07-368AC982A535}.Debug|Any CPU.ActiveCfg = Debug|Any CPU
		{7D390706-6378-4ECA-BE07-368AC982A535}.Debug|Any CPU.Build.0 = Debug|Any CPU
		{7D390706-6378-4ECA-BE07-368AC982A535}.Release|Any CPU.ActiveCfg = Release|Any CPU
		{7D390706-6378-4ECA-BE07-368AC982A535}.Release|Any CPU.Build.0 = Release|Any CPU
		{FF484E5F-8215-4F0A-9A3F-DA23203204A8}.Debug|Any CPU.ActiveCfg = Debug|Any CPU
		{FF484E5F-8215-4F0A-9A3F-DA23203204A8}.Debug|Any CPU.Build.0 = Debug|Any CPU
		{FF484E5F-8215-4F0A-9A3F-DA23203204A8}.Release|Any CPU.ActiveCfg = Release|Any CPU
		{FF484E5F-8215-4F0A-9A3F-DA23203204A8}.Release|Any CPU.Build.0 = Release|Any CPU
		{AA6F9CA4-3531-4A8A-A677-98FD44432A24}.Debug|Any CPU.ActiveCfg = Debug|Any CPU
		{AA6F9CA4-3531-4A8A-A677-98FD44432A24}.Debug|Any CPU.Build.0 = Debug|Any CPU
		{AA6F9CA4-3531-4A8A-A677-98FD44432A24}.Release|Any CPU.ActiveCfg = Release|Any CPU
		{AA6F9CA4-3531-4A8A-A677-98FD44432A24}.Release|Any CPU.Build.0 = Release|Any CPU
	EndGlobalSection
	GlobalSection(SolutionProperties) = preSolution
		HideSolutionNode = FALSE
	EndGlobalSection
	GlobalSection(NestedProjects) = preSolution
		{7D390706-6378-4ECA-BE07-368AC982A535} = {D59CF966-1050-4FDE-92FF-15D79FC9FEA3}
	EndGlobalSection
	GlobalSection(ExtensibilityGlobals) = postSolution
		SolutionGuid = {0F0FFF7F-D598-4DF8-A676-74D603CF86B0}
	EndGlobalSection
EndGlobal
